
Microsoft Visual Studio Solution File, Format Version 12.00
# Visual Studio Version 17
VisualStudioVersion = 17.9.34622.214
MinimumVisualStudioVersion = 10.0.40219.1
Project("{2150E333-8FDC-42A3-9474-1A3956D46DE8}") = "Source", "Source", "{69CD7F7D-03DE-4A42-B426-340423758226}"
EndProject
Project("{2150E333-8FDC-42A3-9474-1A3956D46DE8}") = "Backend", "Backend", "{5D2149ED-8F1B-44BC-8126-F2F98460047E}"
EndProject
Project("{2150E333-8FDC-42A3-9474-1A3956D46DE8}") = "Platforms", "Platforms", "{EEEF7C3B-35AB-49AA-83F4-747937FACDA0}"
EndProject
Project("{2150E333-8FDC-42A3-9474-1A3956D46DE8}") = "Tests", "Tests", "{571C32D3-2C38-45BF-A74E-F7D1C4EA067C}"
EndProject
Project("{9A19103F-16F7-4668-BE54-9A1E7A4F7556}") = "IntervalTimer_Uno.DataContracts", "IntervalTimer_Uno.DataContracts\IntervalTimer_Uno.DataContracts.csproj", "{02892D5D-BA01-4589-9AC5-2FE0CAEBC7C5}"
EndProject
Project("{9A19103F-16F7-4668-BE54-9A1E7A4F7556}") = "IntervalTimer_Uno", "IntervalTimer_Uno\IntervalTimer_Uno.csproj", "{96E5A36A-F33F-4E38-9B35-E1F729F5F3BE}"
EndProject
Project("{9A19103F-16F7-4668-BE54-9A1E7A4F7556}") = "IntervalTimer_Uno.UITests", "IntervalTimer_Uno.UITests\IntervalTimer_Uno.UITests.csproj", "{E0780F48-69A8-4FAB-8260-1F8D61DFF2CD}"
EndProject
Project("{9A19103F-16F7-4668-BE54-9A1E7A4F7556}") = "IntervalTimer_Uno.Tests", "IntervalTimer_Uno.Tests\IntervalTimer_Uno.Tests.csproj", "{188979CD-00A5-45A5-BDA6-F22193632889}"
EndProject
Project("{9A19103F-16F7-4668-BE54-9A1E7A4F7556}") = "IntervalTimer_Uno.Skia.Gtk", "IntervalTimer_Uno.Skia.Gtk\IntervalTimer_Uno.Skia.Gtk.csproj", "{A2AB2DED-64FB-47A3-B63C-DD0CC1169295}"
EndProject
Project("{9A19103F-16F7-4668-BE54-9A1E7A4F7556}") = "IntervalTimer_Uno.Wasm", "IntervalTimer_Uno.Wasm\IntervalTimer_Uno.Wasm.csproj", "{85B28926-B7C2-4754-BD60-3663646D1644}"
EndProject
Project("{9A19103F-16F7-4668-BE54-9A1E7A4F7556}") = "IntervalTimer_Uno.Windows", "IntervalTimer_Uno.Windows\IntervalTimer_Uno.Windows.csproj", "{BB3C6AFC-93BF-45CB-8950-1264F9915AAC}"
EndProject
Project("{9A19103F-16F7-4668-BE54-9A1E7A4F7556}") = "IntervalTimer_Uno.Mobile", "IntervalTimer_Uno.Mobile\IntervalTimer_Uno.Mobile.csproj", "{D6985FC7-87D7-4EA9-B3E3-2497DDE6F37E}"
EndProject
Project("{9A19103F-16F7-4668-BE54-9A1E7A4F7556}") = "IntervalTimer_Uno.Shared", "IntervalTimer_Uno.Shared\IntervalTimer_Uno.Shared.csproj", "{C7C7F873-641A-4486-A0BF-0684AC8873F7}"
EndProject
Project("{9A19103F-16F7-4668-BE54-9A1E7A4F7556}") = "IntervalTimer_Uno.Server", "IntervalTimer_Uno.Server\IntervalTimer_Uno.Server.csproj", "{0ED5322C-CE94-42F6-A722-207025C4A68B}"
EndProject
Project("{2150E333-8FDC-42A3-9474-1A3956D46DE8}") = "Solution Items", "Solution Items", "{A7DA4E50-E33F-4B4C-AF9A-76E687A834F3}"
	ProjectSection(SolutionItems) = preProject
		.gitignore = .gitignore
		Directory.Build.props = Directory.Build.props
		Directory.Build.targets = Directory.Build.targets
		Directory.Packages.props = Directory.Packages.props
		solution-config.props.sample = solution-config.props.sample
	EndProjectSection
EndProject
Global
	GlobalSection(SolutionConfigurationPlatforms) = preSolution
		Debug|Any CPU = Debug|Any CPU
		Debug|arm64 = Debug|arm64
		Debug|x64 = Debug|x64
		Debug|x86 = Debug|x86
		Release|Any CPU = Release|Any CPU
		Release|arm64 = Release|arm64
		Release|x64 = Release|x64
		Release|x86 = Release|x86
	EndGlobalSection
	GlobalSection(ProjectConfigurationPlatforms) = postSolution
		{02892D5D-BA01-4589-9AC5-2FE0CAEBC7C5}.Debug|Any CPU.ActiveCfg = Debug|Any CPU
		{02892D5D-BA01-4589-9AC5-2FE0CAEBC7C5}.Debug|Any CPU.Build.0 = Debug|Any CPU
		{02892D5D-BA01-4589-9AC5-2FE0CAEBC7C5}.Debug|arm64.ActiveCfg = Debug|Any CPU
		{02892D5D-BA01-4589-9AC5-2FE0CAEBC7C5}.Debug|arm64.Build.0 = Debug|Any CPU
		{02892D5D-BA01-4589-9AC5-2FE0CAEBC7C5}.Debug|x64.ActiveCfg = Debug|Any CPU
		{02892D5D-BA01-4589-9AC5-2FE0CAEBC7C5}.Debug|x64.Build.0 = Debug|Any CPU
		{02892D5D-BA01-4589-9AC5-2FE0CAEBC7C5}.Debug|x86.ActiveCfg = Debug|Any CPU
		{02892D5D-BA01-4589-9AC5-2FE0CAEBC7C5}.Debug|x86.Build.0 = Debug|Any CPU
		{02892D5D-BA01-4589-9AC5-2FE0CAEBC7C5}.Release|Any CPU.ActiveCfg = Release|Any CPU
		{02892D5D-BA01-4589-9AC5-2FE0CAEBC7C5}.Release|Any CPU.Build.0 = Release|Any CPU
		{02892D5D-BA01-4589-9AC5-2FE0CAEBC7C5}.Release|arm64.ActiveCfg = Release|Any CPU
		{02892D5D-BA01-4589-9AC5-2FE0CAEBC7C5}.Release|arm64.Build.0 = Release|Any CPU
		{02892D5D-BA01-4589-9AC5-2FE0CAEBC7C5}.Release|x64.ActiveCfg = Release|Any CPU
		{02892D5D-BA01-4589-9AC5-2FE0CAEBC7C5}.Release|x64.Build.0 = Release|Any CPU
		{02892D5D-BA01-4589-9AC5-2FE0CAEBC7C5}.Release|x86.ActiveCfg = Release|Any CPU
		{02892D5D-BA01-4589-9AC5-2FE0CAEBC7C5}.Release|x86.Build.0 = Release|Any CPU
		{96E5A36A-F33F-4E38-9B35-E1F729F5F3BE}.Debug|Any CPU.ActiveCfg = Debug|Any CPU
		{96E5A36A-F33F-4E38-9B35-E1F729F5F3BE}.Debug|Any CPU.Build.0 = Debug|Any CPU
		{96E5A36A-F33F-4E38-9B35-E1F729F5F3BE}.Debug|arm64.ActiveCfg = Debug|Any CPU
		{96E5A36A-F33F-4E38-9B35-E1F729F5F3BE}.Debug|arm64.Build.0 = Debug|Any CPU
		{96E5A36A-F33F-4E38-9B35-E1F729F5F3BE}.Debug|x64.ActiveCfg = Debug|Any CPU
		{96E5A36A-F33F-4E38-9B35-E1F729F5F3BE}.Debug|x64.Build.0 = Debug|Any CPU
		{96E5A36A-F33F-4E38-9B35-E1F729F5F3BE}.Debug|x86.ActiveCfg = Debug|Any CPU
		{96E5A36A-F33F-4E38-9B35-E1F729F5F3BE}.Debug|x86.Build.0 = Debug|Any CPU
		{96E5A36A-F33F-4E38-9B35-E1F729F5F3BE}.Release|Any CPU.ActiveCfg = Release|Any CPU
		{96E5A36A-F33F-4E38-9B35-E1F729F5F3BE}.Release|Any CPU.Build.0 = Release|Any CPU
		{96E5A36A-F33F-4E38-9B35-E1F729F5F3BE}.Release|arm64.ActiveCfg = Release|Any CPU
		{96E5A36A-F33F-4E38-9B35-E1F729F5F3BE}.Release|arm64.Build.0 = Release|Any CPU
		{96E5A36A-F33F-4E38-9B35-E1F729F5F3BE}.Release|x64.ActiveCfg = Release|Any CPU
		{96E5A36A-F33F-4E38-9B35-E1F729F5F3BE}.Release|x64.Build.0 = Release|Any CPU
		{96E5A36A-F33F-4E38-9B35-E1F729F5F3BE}.Release|x86.ActiveCfg = Release|Any CPU
		{96E5A36A-F33F-4E38-9B35-E1F729F5F3BE}.Release|x86.Build.0 = Release|Any CPU
		{E0780F48-69A8-4FAB-8260-1F8D61DFF2CD}.Debug|Any CPU.ActiveCfg = Debug|Any CPU
		{E0780F48-69A8-4FAB-8260-1F8D61DFF2CD}.Debug|Any CPU.Build.0 = Debug|Any CPU
		{E0780F48-69A8-4FAB-8260-1F8D61DFF2CD}.Debug|arm64.ActiveCfg = Debug|Any CPU
		{E0780F48-69A8-4FAB-8260-1F8D61DFF2CD}.Debug|arm64.Build.0 = Debug|Any CPU
		{E0780F48-69A8-4FAB-8260-1F8D61DFF2CD}.Debug|x64.ActiveCfg = Debug|Any CPU
		{E0780F48-69A8-4FAB-8260-1F8D61DFF2CD}.Debug|x64.Build.0 = Debug|Any CPU
		{E0780F48-69A8-4FAB-8260-1F8D61DFF2CD}.Debug|x86.ActiveCfg = Debug|Any CPU
		{E0780F48-69A8-4FAB-8260-1F8D61DFF2CD}.Debug|x86.Build.0 = Debug|Any CPU
		{E0780F48-69A8-4FAB-8260-1F8D61DFF2CD}.Release|Any CPU.ActiveCfg = Release|Any CPU
		{E0780F48-69A8-4FAB-8260-1F8D61DFF2CD}.Release|Any CPU.Build.0 = Release|Any CPU
		{E0780F48-69A8-4FAB-8260-1F8D61DFF2CD}.Release|arm64.ActiveCfg = Release|Any CPU
		{E0780F48-69A8-4FAB-8260-1F8D61DFF2CD}.Release|arm64.Build.0 = Release|Any CPU
		{E0780F48-69A8-4FAB-8260-1F8D61DFF2CD}.Release|x64.ActiveCfg = Release|Any CPU
		{E0780F48-69A8-4FAB-8260-1F8D61DFF2CD}.Release|x64.Build.0 = Release|Any CPU
		{E0780F48-69A8-4FAB-8260-1F8D61DFF2CD}.Release|x86.ActiveCfg = Release|Any CPU
		{E0780F48-69A8-4FAB-8260-1F8D61DFF2CD}.Release|x86.Build.0 = Release|Any CPU
		{188979CD-00A5-45A5-BDA6-F22193632889}.Debug|Any CPU.ActiveCfg = Debug|Any CPU
		{188979CD-00A5-45A5-BDA6-F22193632889}.Debug|Any CPU.Build.0 = Debug|Any CPU
		{188979CD-00A5-45A5-BDA6-F22193632889}.Debug|arm64.ActiveCfg = Debug|Any CPU
		{188979CD-00A5-45A5-BDA6-F22193632889}.Debug|arm64.Build.0 = Debug|Any CPU
		{188979CD-00A5-45A5-BDA6-F22193632889}.Debug|x64.ActiveCfg = Debug|Any CPU
		{188979CD-00A5-45A5-BDA6-F22193632889}.Debug|x64.Build.0 = Debug|Any CPU
		{188979CD-00A5-45A5-BDA6-F22193632889}.Debug|x86.ActiveCfg = Debug|Any CPU
		{188979CD-00A5-45A5-BDA6-F22193632889}.Debug|x86.Build.0 = Debug|Any CPU
		{188979CD-00A5-45A5-BDA6-F22193632889}.Release|Any CPU.ActiveCfg = Release|Any CPU
		{188979CD-00A5-45A5-BDA6-F22193632889}.Release|Any CPU.Build.0 = Release|Any CPU
		{188979CD-00A5-45A5-BDA6-F22193632889}.Release|arm64.ActiveCfg = Release|Any CPU
		{188979CD-00A5-45A5-BDA6-F22193632889}.Release|arm64.Build.0 = Release|Any CPU
		{188979CD-00A5-45A5-BDA6-F22193632889}.Release|x64.ActiveCfg = Release|Any CPU
		{188979CD-00A5-45A5-BDA6-F22193632889}.Release|x64.Build.0 = Release|Any CPU
		{188979CD-00A5-45A5-BDA6-F22193632889}.Release|x86.ActiveCfg = Release|Any CPU
		{188979CD-00A5-45A5-BDA6-F22193632889}.Release|x86.Build.0 = Release|Any CPU
		{A2AB2DED-64FB-47A3-B63C-DD0CC1169295}.Debug|Any CPU.ActiveCfg = Debug|Any CPU
		{A2AB2DED-64FB-47A3-B63C-DD0CC1169295}.Debug|Any CPU.Build.0 = Debug|Any CPU
		{A2AB2DED-64FB-47A3-B63C-DD0CC1169295}.Debug|arm64.ActiveCfg = Debug|Any CPU
		{A2AB2DED-64FB-47A3-B63C-DD0CC1169295}.Debug|arm64.Build.0 = Debug|Any CPU
		{A2AB2DED-64FB-47A3-B63C-DD0CC1169295}.Debug|x64.ActiveCfg = Debug|Any CPU
		{A2AB2DED-64FB-47A3-B63C-DD0CC1169295}.Debug|x64.Build.0 = Debug|Any CPU
		{A2AB2DED-64FB-47A3-B63C-DD0CC1169295}.Debug|x86.ActiveCfg = Debug|Any CPU
		{A2AB2DED-64FB-47A3-B63C-DD0CC1169295}.Debug|x86.Build.0 = Debug|Any CPU
		{A2AB2DED-64FB-47A3-B63C-DD0CC1169295}.Release|Any CPU.ActiveCfg = Release|Any CPU
		{A2AB2DED-64FB-47A3-B63C-DD0CC1169295}.Release|Any CPU.Build.0 = Release|Any CPU
		{A2AB2DED-64FB-47A3-B63C-DD0CC1169295}.Release|arm64.ActiveCfg = Release|Any CPU
		{A2AB2DED-64FB-47A3-B63C-DD0CC1169295}.Release|arm64.Build.0 = Release|Any CPU
		{A2AB2DED-64FB-47A3-B63C-DD0CC1169295}.Release|x64.ActiveCfg = Release|Any CPU
		{A2AB2DED-64FB-47A3-B63C-DD0CC1169295}.Release|x64.Build.0 = Release|Any CPU
		{A2AB2DED-64FB-47A3-B63C-DD0CC1169295}.Release|x86.ActiveCfg = Release|Any CPU
		{A2AB2DED-64FB-47A3-B63C-DD0CC1169295}.Release|x86.Build.0 = Release|Any CPU
		{85B28926-B7C2-4754-BD60-3663646D1644}.Debug|Any CPU.ActiveCfg = Debug|Any CPU
		{85B28926-B7C2-4754-BD60-3663646D1644}.Debug|Any CPU.Build.0 = Debug|Any CPU
		{85B28926-B7C2-4754-BD60-3663646D1644}.Debug|arm64.ActiveCfg = Debug|Any CPU
		{85B28926-B7C2-4754-BD60-3663646D1644}.Debug|arm64.Build.0 = Debug|Any CPU
		{85B28926-B7C2-4754-BD60-3663646D1644}.Debug|x64.ActiveCfg = Debug|Any CPU
		{85B28926-B7C2-4754-BD60-3663646D1644}.Debug|x64.Build.0 = Debug|Any CPU
		{85B28926-B7C2-4754-BD60-3663646D1644}.Debug|x86.ActiveCfg = Debug|Any CPU
		{85B28926-B7C2-4754-BD60-3663646D1644}.Debug|x86.Build.0 = Debug|Any CPU
		{85B28926-B7C2-4754-BD60-3663646D1644}.Release|Any CPU.ActiveCfg = Release|Any CPU
		{85B28926-B7C2-4754-BD60-3663646D1644}.Release|Any CPU.Build.0 = Release|Any CPU
		{85B28926-B7C2-4754-BD60-3663646D1644}.Release|arm64.ActiveCfg = Release|Any CPU
		{85B28926-B7C2-4754-BD60-3663646D1644}.Release|arm64.Build.0 = Release|Any CPU
		{85B28926-B7C2-4754-BD60-3663646D1644}.Release|x64.ActiveCfg = Release|Any CPU
		{85B28926-B7C2-4754-BD60-3663646D1644}.Release|x64.Build.0 = Release|Any CPU
		{85B28926-B7C2-4754-BD60-3663646D1644}.Release|x86.ActiveCfg = Release|Any CPU
		{85B28926-B7C2-4754-BD60-3663646D1644}.Release|x86.Build.0 = Release|Any CPU
		{BB3C6AFC-93BF-45CB-8950-1264F9915AAC}.Debug|Any CPU.ActiveCfg = Debug|x64
		{BB3C6AFC-93BF-45CB-8950-1264F9915AAC}.Debug|Any CPU.Build.0 = Debug|x64
		{BB3C6AFC-93BF-45CB-8950-1264F9915AAC}.Debug|Any CPU.Deploy.0 = Debug|x64
		{BB3C6AFC-93BF-45CB-8950-1264F9915AAC}.Debug|arm64.ActiveCfg = Debug|arm64
		{BB3C6AFC-93BF-45CB-8950-1264F9915AAC}.Debug|arm64.Build.0 = Debug|arm64
		{BB3C6AFC-93BF-45CB-8950-1264F9915AAC}.Debug|arm64.Deploy.0 = Debug|arm64
		{BB3C6AFC-93BF-45CB-8950-1264F9915AAC}.Debug|x64.ActiveCfg = Debug|x64
		{BB3C6AFC-93BF-45CB-8950-1264F9915AAC}.Debug|x64.Build.0 = Debug|x64
		{BB3C6AFC-93BF-45CB-8950-1264F9915AAC}.Debug|x64.Deploy.0 = Debug|x64
		{BB3C6AFC-93BF-45CB-8950-1264F9915AAC}.Debug|x86.ActiveCfg = Debug|x86
		{BB3C6AFC-93BF-45CB-8950-1264F9915AAC}.Debug|x86.Build.0 = Debug|x86
		{BB3C6AFC-93BF-45CB-8950-1264F9915AAC}.Debug|x86.Deploy.0 = Debug|x86
		{BB3C6AFC-93BF-45CB-8950-1264F9915AAC}.Release|Any CPU.ActiveCfg = Release|x64
		{BB3C6AFC-93BF-45CB-8950-1264F9915AAC}.Release|Any CPU.Build.0 = Release|x64
		{BB3C6AFC-93BF-45CB-8950-1264F9915AAC}.Release|Any CPU.Deploy.0 = Release|x64
		{BB3C6AFC-93BF-45CB-8950-1264F9915AAC}.Release|arm64.ActiveCfg = Release|arm64
		{BB3C6AFC-93BF-45CB-8950-1264F9915AAC}.Release|arm64.Build.0 = Release|arm64
		{BB3C6AFC-93BF-45CB-8950-1264F9915AAC}.Release|arm64.Deploy.0 = Release|arm64
		{BB3C6AFC-93BF-45CB-8950-1264F9915AAC}.Release|x64.ActiveCfg = Release|x64
		{BB3C6AFC-93BF-45CB-8950-1264F9915AAC}.Release|x64.Build.0 = Release|x64
		{BB3C6AFC-93BF-45CB-8950-1264F9915AAC}.Release|x64.Deploy.0 = Release|x64
		{BB3C6AFC-93BF-45CB-8950-1264F9915AAC}.Release|x86.ActiveCfg = Release|x86
		{BB3C6AFC-93BF-45CB-8950-1264F9915AAC}.Release|x86.Build.0 = Release|x86
		{BB3C6AFC-93BF-45CB-8950-1264F9915AAC}.Release|x86.Deploy.0 = Release|x86
		{D6985FC7-87D7-4EA9-B3E3-2497DDE6F37E}.Debug|Any CPU.ActiveCfg = Debug|Any CPU
		{D6985FC7-87D7-4EA9-B3E3-2497DDE6F37E}.Debug|Any CPU.Build.0 = Debug|Any CPU
		{D6985FC7-87D7-4EA9-B3E3-2497DDE6F37E}.Debug|Any CPU.Deploy.0 = Debug|Any CPU
		{D6985FC7-87D7-4EA9-B3E3-2497DDE6F37E}.Debug|arm64.ActiveCfg = Debug|Any CPU
		{D6985FC7-87D7-4EA9-B3E3-2497DDE6F37E}.Debug|arm64.Build.0 = Debug|Any CPU
		{D6985FC7-87D7-4EA9-B3E3-2497DDE6F37E}.Debug|x64.ActiveCfg = Debug|Any CPU
		{D6985FC7-87D7-4EA9-B3E3-2497DDE6F37E}.Debug|x64.Build.0 = Debug|Any CPU
		{D6985FC7-87D7-4EA9-B3E3-2497DDE6F37E}.Debug|x86.ActiveCfg = Debug|Any CPU
		{D6985FC7-87D7-4EA9-B3E3-2497DDE6F37E}.Debug|x86.Build.0 = Debug|Any CPU
		{D6985FC7-87D7-4EA9-B3E3-2497DDE6F37E}.Release|Any CPU.ActiveCfg = Release|Any CPU
		{D6985FC7-87D7-4EA9-B3E3-2497DDE6F37E}.Release|Any CPU.Build.0 = Release|Any CPU
		{D6985FC7-87D7-4EA9-B3E3-2497DDE6F37E}.Release|Any CPU.Deploy.0 = Release|Any CPU
		{D6985FC7-87D7-4EA9-B3E3-2497DDE6F37E}.Release|arm64.ActiveCfg = Release|Any CPU
		{D6985FC7-87D7-4EA9-B3E3-2497DDE6F37E}.Release|arm64.Build.0 = Release|Any CPU
		{D6985FC7-87D7-4EA9-B3E3-2497DDE6F37E}.Release|x64.ActiveCfg = Release|Any CPU
		{D6985FC7-87D7-4EA9-B3E3-2497DDE6F37E}.Release|x64.Build.0 = Release|Any CPU
		{D6985FC7-87D7-4EA9-B3E3-2497DDE6F37E}.Release|x86.ActiveCfg = Release|Any CPU
		{D6985FC7-87D7-4EA9-B3E3-2497DDE6F37E}.Release|x86.Build.0 = Release|Any CPU
		{C7C7F873-641A-4486-A0BF-0684AC8873F7}.Debug|Any CPU.ActiveCfg = Debug|Any CPU
		{C7C7F873-641A-4486-A0BF-0684AC8873F7}.Debug|Any CPU.Build.0 = Debug|Any CPU
		{C7C7F873-641A-4486-A0BF-0684AC8873F7}.Debug|arm64.ActiveCfg = Debug|Any CPU
		{C7C7F873-641A-4486-A0BF-0684AC8873F7}.Debug|arm64.Build.0 = Debug|Any CPU
		{C7C7F873-641A-4486-A0BF-0684AC8873F7}.Debug|x64.ActiveCfg = Debug|Any CPU
		{C7C7F873-641A-4486-A0BF-0684AC8873F7}.Debug|x64.Build.0 = Debug|Any CPU
		{C7C7F873-641A-4486-A0BF-0684AC8873F7}.Debug|x86.ActiveCfg = Debug|Any CPU
		{C7C7F873-641A-4486-A0BF-0684AC8873F7}.Debug|x86.Build.0 = Debug|Any CPU
		{C7C7F873-641A-4486-A0BF-0684AC8873F7}.Release|Any CPU.ActiveCfg = Release|Any CPU
		{C7C7F873-641A-4486-A0BF-0684AC8873F7}.Release|Any CPU.Build.0 = Release|Any CPU
		{C7C7F873-641A-4486-A0BF-0684AC8873F7}.Release|arm64.ActiveCfg = Release|Any CPU
		{C7C7F873-641A-4486-A0BF-0684AC8873F7}.Release|arm64.Build.0 = Release|Any CPU
		{C7C7F873-641A-4486-A0BF-0684AC8873F7}.Release|x64.ActiveCfg = Release|Any CPU
		{C7C7F873-641A-4486-A0BF-0684AC8873F7}.Release|x64.Build.0 = Release|Any CPU
		{C7C7F873-641A-4486-A0BF-0684AC8873F7}.Release|x86.ActiveCfg = Release|Any CPU
		{C7C7F873-641A-4486-A0BF-0684AC8873F7}.Release|x86.Build.0 = Release|Any CPU
		{0ED5322C-CE94-42F6-A722-207025C4A68B}.Debug|Any CPU.ActiveCfg = Debug|Any CPU
		{0ED5322C-CE94-42F6-A722-207025C4A68B}.Debug|Any CPU.Build.0 = Debug|Any CPU
		{0ED5322C-CE94-42F6-A722-207025C4A68B}.Debug|arm64.ActiveCfg = Debug|Any CPU
		{0ED5322C-CE94-42F6-A722-207025C4A68B}.Debug|arm64.Build.0 = Debug|Any CPU
		{0ED5322C-CE94-42F6-A722-207025C4A68B}.Debug|x64.ActiveCfg = Debug|Any CPU
		{0ED5322C-CE94-42F6-A722-207025C4A68B}.Debug|x64.Build.0 = Debug|Any CPU
		{0ED5322C-CE94-42F6-A722-207025C4A68B}.Debug|x86.ActiveCfg = Debug|Any CPU
		{0ED5322C-CE94-42F6-A722-207025C4A68B}.Debug|x86.Build.0 = Debug|Any CPU
		{0ED5322C-CE94-42F6-A722-207025C4A68B}.Release|Any CPU.ActiveCfg = Release|Any CPU
		{0ED5322C-CE94-42F6-A722-207025C4A68B}.Release|Any CPU.Build.0 = Release|Any CPU
		{0ED5322C-CE94-42F6-A722-207025C4A68B}.Release|arm64.ActiveCfg = Release|Any CPU
		{0ED5322C-CE94-42F6-A722-207025C4A68B}.Release|arm64.Build.0 = Release|Any CPU
		{0ED5322C-CE94-42F6-A722-207025C4A68B}.Release|x64.ActiveCfg = Release|Any CPU
		{0ED5322C-CE94-42F6-A722-207025C4A68B}.Release|x64.Build.0 = Release|Any CPU
		{0ED5322C-CE94-42F6-A722-207025C4A68B}.Release|x86.ActiveCfg = Release|Any CPU
		{0ED5322C-CE94-42F6-A722-207025C4A68B}.Release|x86.Build.0 = Release|Any CPU
	EndGlobalSection
	GlobalSection(SolutionProperties) = preSolution
		HideSolutionNode = FALSE
	EndGlobalSection
	GlobalSection(NestedProjects) = preSolution
		{5D2149ED-8F1B-44BC-8126-F2F98460047E} = {69CD7F7D-03DE-4A42-B426-340423758226}
		{EEEF7C3B-35AB-49AA-83F4-747937FACDA0} = {69CD7F7D-03DE-4A42-B426-340423758226}
		{02892D5D-BA01-4589-9AC5-2FE0CAEBC7C5} = {69CD7F7D-03DE-4A42-B426-340423758226}
		{96E5A36A-F33F-4E38-9B35-E1F729F5F3BE} = {69CD7F7D-03DE-4A42-B426-340423758226}
		{E0780F48-69A8-4FAB-8260-1F8D61DFF2CD} = {571C32D3-2C38-45BF-A74E-F7D1C4EA067C}
		{188979CD-00A5-45A5-BDA6-F22193632889} = {571C32D3-2C38-45BF-A74E-F7D1C4EA067C}
		{A2AB2DED-64FB-47A3-B63C-DD0CC1169295} = {EEEF7C3B-35AB-49AA-83F4-747937FACDA0}
		{85B28926-B7C2-4754-BD60-3663646D1644} = {EEEF7C3B-35AB-49AA-83F4-747937FACDA0}
		{BB3C6AFC-93BF-45CB-8950-1264F9915AAC} = {EEEF7C3B-35AB-49AA-83F4-747937FACDA0}
		{D6985FC7-87D7-4EA9-B3E3-2497DDE6F37E} = {EEEF7C3B-35AB-49AA-83F4-747937FACDA0}
		{C7C7F873-641A-4486-A0BF-0684AC8873F7} = {EEEF7C3B-35AB-49AA-83F4-747937FACDA0}
		{0ED5322C-CE94-42F6-A722-207025C4A68B} = {5D2149ED-8F1B-44BC-8126-F2F98460047E}
	EndGlobalSection
	GlobalSection(ExtensibilityGlobals) = postSolution
		SolutionGuid = {5C723F79-B32C-4BBD-B46F-D1616EDAC79A}
	EndGlobalSection
EndGlobal
